// !$*UTF8*$!
{
	archiveVersion = 1;
	classes = {
	};
	objectVersion = 46;
	objects = {

/* Begin PBXBuildFile section */
		244C84991E2366C800A04F0E /* GetUserFriend.m in Sources */ = {isa = PBXBuildFile; fileRef = 244C84981E2366C800A04F0E /* GetUserFriend.m */; };
		244C84D21E23AAC000A04F0E /* MessageSQLiteManager.m in Sources */ = {isa = PBXBuildFile; fileRef = 244C84D11E23AAC000A04F0E /* MessageSQLiteManager.m */; };
		244C84D51E23B16F00A04F0E /* ConversationSQLiteManager.m in Sources */ = {isa = PBXBuildFile; fileRef = 244C84D41E23B16F00A04F0E /* ConversationSQLiteManager.m */; };
		244C84D81E23B28100A04F0E /* ConversationModel.m in Sources */ = {isa = PBXBuildFile; fileRef = 244C84D71E23B28100A04F0E /* ConversationModel.m */; };
		2455493D1E2095890072BE89 /* Main.storyboard in Resources */ = {isa = PBXBuildFile; fileRef = 2455493B1E2095890072BE89 /* Main.storyboard */; };
		2455493F1E2095890072BE89 /* Assets.xcassets in Resources */ = {isa = PBXBuildFile; fileRef = 2455493E1E2095890072BE89 /* Assets.xcassets */; };
		245549421E2095890072BE89 /* LaunchScreen.storyboard in Resources */ = {isa = PBXBuildFile; fileRef = 245549401E2095890072BE89 /* LaunchScreen.storyboard */; };
		245549661E2098E00072BE89 /* RootViewController.m in Sources */ = {isa = PBXBuildFile; fileRef = 2455495D1E2098E00072BE89 /* RootViewController.m */; };
		245549671E2098E00072BE89 /* AppDelegate.m in Sources */ = {isa = PBXBuildFile; fileRef = 245549611E2098E00072BE89 /* AppDelegate.m */; };
		245549691E2098E00072BE89 /* main.m in Sources */ = {isa = PBXBuildFile; fileRef = 245549631E2098E00072BE89 /* main.m */; };
		245549761E20A9080072BE89 /* NSString+Width.m in Sources */ = {isa = PBXBuildFile; fileRef = 245549731E20A9080072BE89 /* NSString+Width.m */; };
		245549771E20A9080072BE89 /* UIColor+Hex.m in Sources */ = {isa = PBXBuildFile; fileRef = 245549751E20A9080072BE89 /* UIColor+Hex.m */; };
		247F79BA1E24CE440036E47C /* RecordViewController.m in Sources */ = {isa = PBXBuildFile; fileRef = 247F79B71E24CE440036E47C /* RecordViewController.m */; };
		247F79BE1E24CEA80036E47C /* ImageDiscernment.m in Sources */ = {isa = PBXBuildFile; fileRef = 247F79BD1E24CEA80036E47C /* ImageDiscernment.m */; };
		247F79C21E24D5610036E47C /* MainNotesCell.m in Sources */ = {isa = PBXBuildFile; fileRef = 247F79C01E24D5610036E47C /* MainNotesCell.m */; };
		247F79C31E24D5610036E47C /* MainNotesCell.xib in Resources */ = {isa = PBXBuildFile; fileRef = 247F79C11E24D5610036E47C /* MainNotesCell.xib */; };
		247F79C61E24DA760036E47C /* MainTableHeaderView.m in Sources */ = {isa = PBXBuildFile; fileRef = 247F79C51E24DA760036E47C /* MainTableHeaderView.m */; };
		2485706D1E20BED400189301 /* tessdata in Resources */ = {isa = PBXBuildFile; fileRef = 2485706C1E20BED400189301 /* tessdata */; };
		248570701E20C9B300189301 /* MeViewController.m in Sources */ = {isa = PBXBuildFile; fileRef = 2485706F1E20C9B300189301 /* MeViewController.m */; };
		248570731E20CD7C00189301 /* BaseNavigationController.m in Sources */ = {isa = PBXBuildFile; fileRef = 248570721E20CD7C00189301 /* BaseNavigationController.m */; };
		248570791E20DA1300189301 /* FriendSQLiteManager.m in Sources */ = {isa = PBXBuildFile; fileRef = 248570781E20DA1300189301 /* FriendSQLiteManager.m */; };
		248570811E20E1FC00189301 /* FriendViewController.m in Sources */ = {isa = PBXBuildFile; fileRef = 2485707E1E20E1FC00189301 /* FriendViewController.m */; };
		248570841E20E21D00189301 /* FriendModel.m in Sources */ = {isa = PBXBuildFile; fileRef = 248570831E20E21D00189301 /* FriendModel.m */; };
		2485708B1E20E7C600189301 /* FriendTableViewCell.m in Sources */ = {isa = PBXBuildFile; fileRef = 248570891E20E7C600189301 /* FriendTableViewCell.m */; };
		2485708C1E20E7C600189301 /* FriendTableViewCell.xib in Resources */ = {isa = PBXBuildFile; fileRef = 2485708A1E20E7C600189301 /* FriendTableViewCell.xib */; };
		248570931E20F3CD00189301 /* Message.m in Sources */ = {isa = PBXBuildFile; fileRef = 2485708E1E20F3CD00189301 /* Message.m */; };
		248570941E20F3CD00189301 /* MessageCell.m in Sources */ = {isa = PBXBuildFile; fileRef = 248570901E20F3CD00189301 /* MessageCell.m */; };
		248570951E20F3CD00189301 /* UIImage+Resizingable.m in Sources */ = {isa = PBXBuildFile; fileRef = 248570921E20F3CD00189301 /* UIImage+Resizingable.m */; };
		248570981E20F41600189301 /* ChatViewController.m in Sources */ = {isa = PBXBuildFile; fileRef = 248570971E20F41600189301 /* ChatViewController.m */; };
		2485709A1E20F50300189301 /* messages.plist in Resources */ = {isa = PBXBuildFile; fileRef = 248570991E20F50300189301 /* messages.plist */; };
		DFCE12D199E61A5C6B3EFFFC /* libPods-Notes.a in Frameworks */ = {isa = PBXBuildFile; fileRef = 3864BB8F91A79D5AA7F5CE32 /* libPods-Notes.a */; };
		F33830F21E234C14005A4A81 /* Transition.m in Sources */ = {isa = PBXBuildFile; fileRef = F33830ED1E234C14005A4A81 /* Transition.m */; };
		F33830F31E234C14005A4A81 /* WCButton.m in Sources */ = {isa = PBXBuildFile; fileRef = F33830EF1E234C14005A4A81 /* WCButton.m */; };
		F33830F41E234C14005A4A81 /* WCTextField.m in Sources */ = {isa = PBXBuildFile; fileRef = F33830F11E234C14005A4A81 /* WCTextField.m */; };
		F33830FB1E234C1C005A4A81 /* LoginViewController.m in Sources */ = {isa = PBXBuildFile; fileRef = F33830F61E234C1C005A4A81 /* LoginViewController.m */; };
		F33830FC1E234C1C005A4A81 /* SMSViewController.m in Sources */ = {isa = PBXBuildFile; fileRef = F33830F81E234C1C005A4A81 /* SMSViewController.m */; };
		F33830FD1E234C1C005A4A81 /* WelcomeViewController.m in Sources */ = {isa = PBXBuildFile; fileRef = F33830FA1E234C1C005A4A81 /* WelcomeViewController.m */; };
/* End PBXBuildFile section */

/* Begin PBXFileReference section */
		01CD076B913870E11BA83DE9 /* Pods-Notes.release.xcconfig */ = {isa = PBXFileReference; includeInIndex = 1; lastKnownFileType = text.xcconfig; name = "Pods-Notes.release.xcconfig"; path = "Pods/Target Support Files/Pods-Notes/Pods-Notes.release.xcconfig"; sourceTree = "<group>"; };
		244C84971E2366C800A04F0E /* GetUserFriend.h */ = {isa = PBXFileReference; fileEncoding = 4; lastKnownFileType = sourcecode.c.h; path = GetUserFriend.h; sourceTree = "<group>"; };
		244C84981E2366C800A04F0E /* GetUserFriend.m */ = {isa = PBXFileReference; fileEncoding = 4; lastKnownFileType = sourcecode.c.objc; path = GetUserFriend.m; sourceTree = "<group>"; };
		244C84D01E23AAC000A04F0E /* MessageSQLiteManager.h */ = {isa = PBXFileReference; fileEncoding = 4; lastKnownFileType = sourcecode.c.h; path = MessageSQLiteManager.h; sourceTree = "<group>"; };
		244C84D11E23AAC000A04F0E /* MessageSQLiteManager.m */ = {isa = PBXFileReference; fileEncoding = 4; lastKnownFileType = sourcecode.c.objc; path = MessageSQLiteManager.m; sourceTree = "<group>"; };
		244C84D31E23B16F00A04F0E /* ConversationSQLiteManager.h */ = {isa = PBXFileReference; fileEncoding = 4; lastKnownFileType = sourcecode.c.h; path = ConversationSQLiteManager.h; sourceTree = "<group>"; };
		244C84D41E23B16F00A04F0E /* ConversationSQLiteManager.m */ = {isa = PBXFileReference; fileEncoding = 4; lastKnownFileType = sourcecode.c.objc; path = ConversationSQLiteManager.m; sourceTree = "<group>"; };
		244C84D61E23B28100A04F0E /* ConversationModel.h */ = {isa = PBXFileReference; fileEncoding = 4; lastKnownFileType = sourcecode.c.h; path = ConversationModel.h; sourceTree = "<group>"; };
		244C84D71E23B28100A04F0E /* ConversationModel.m */ = {isa = PBXFileReference; fileEncoding = 4; lastKnownFileType = sourcecode.c.objc; path = ConversationModel.m; sourceTree = "<group>"; };
		2455492F1E2095880072BE89 /* Notes.app */ = {isa = PBXFileReference; explicitFileType = wrapper.application; includeInIndex = 0; path = Notes.app; sourceTree = BUILT_PRODUCTS_DIR; };
		2455493C1E2095890072BE89 /* Base */ = {isa = PBXFileReference; lastKnownFileType = file.storyboard; name = Base; path = Base.lproj/Main.storyboard; sourceTree = "<group>"; };
		2455493E1E2095890072BE89 /* Assets.xcassets */ = {isa = PBXFileReference; lastKnownFileType = folder.assetcatalog; name = Assets.xcassets; path = ../Assets.xcassets; sourceTree = "<group>"; };
		245549411E2095890072BE89 /* Base */ = {isa = PBXFileReference; lastKnownFileType = file.storyboard; name = Base; path = Base.lproj/LaunchScreen.storyboard; sourceTree = "<group>"; };
		2455495C1E2098E00072BE89 /* RootViewController.h */ = {isa = PBXFileReference; fileEncoding = 4; lastKnownFileType = sourcecode.c.h; path = RootViewController.h; sourceTree = "<group>"; };
		2455495D1E2098E00072BE89 /* RootViewController.m */ = {isa = PBXFileReference; fileEncoding = 4; lastKnownFileType = sourcecode.c.objc; path = RootViewController.m; sourceTree = "<group>"; };
		245549601E2098E00072BE89 /* AppDelegate.h */ = {isa = PBXFileReference; fileEncoding = 4; lastKnownFileType = sourcecode.c.h; path = AppDelegate.h; sourceTree = "<group>"; };
		245549611E2098E00072BE89 /* AppDelegate.m */ = {isa = PBXFileReference; fileEncoding = 4; lastKnownFileType = sourcecode.c.objc; path = AppDelegate.m; sourceTree = "<group>"; };
		245549621E2098E00072BE89 /* Info.plist */ = {isa = PBXFileReference; fileEncoding = 4; lastKnownFileType = text.plist.xml; path = Info.plist; sourceTree = "<group>"; };
		245549631E2098E00072BE89 /* main.m */ = {isa = PBXFileReference; fileEncoding = 4; lastKnownFileType = sourcecode.c.objc; path = main.m; sourceTree = "<group>"; };
		2455496A1E209A8C0072BE89 /* PrefixHeader.pch */ = {isa = PBXFileReference; fileEncoding = 4; lastKnownFileType = sourcecode.c.h; path = PrefixHeader.pch; sourceTree = "<group>"; };
		245549721E20A9080072BE89 /* NSString+Width.h */ = {isa = PBXFileReference; fileEncoding = 4; lastKnownFileType = sourcecode.c.h; path = "NSString+Width.h"; sourceTree = "<group>"; };
		245549731E20A9080072BE89 /* NSString+Width.m */ = {isa = PBXFileReference; fileEncoding = 4; lastKnownFileType = sourcecode.c.objc; path = "NSString+Width.m"; sourceTree = "<group>"; };
		245549741E20A9080072BE89 /* UIColor+Hex.h */ = {isa = PBXFileReference; fileEncoding = 4; lastKnownFileType = sourcecode.c.h; path = "UIColor+Hex.h"; sourceTree = "<group>"; };
		245549751E20A9080072BE89 /* UIColor+Hex.m */ = {isa = PBXFileReference; fileEncoding = 4; lastKnownFileType = sourcecode.c.objc; path = "UIColor+Hex.m"; sourceTree = "<group>"; };
		247F79711E248D920036E47C /* Notes.entitlements */ = {isa = PBXFileReference; lastKnownFileType = text.plist.entitlements; path = Notes.entitlements; sourceTree = "<group>"; };
		247F79B61E24CE440036E47C /* RecordViewController.h */ = {isa = PBXFileReference; fileEncoding = 4; lastKnownFileType = sourcecode.c.h; path = RecordViewController.h; sourceTree = "<group>"; };
		247F79B71E24CE440036E47C /* RecordViewController.m */ = {isa = PBXFileReference; fileEncoding = 4; lastKnownFileType = sourcecode.c.objc; path = RecordViewController.m; sourceTree = "<group>"; };
		247F79BC1E24CEA80036E47C /* ImageDiscernment.h */ = {isa = PBXFileReference; fileEncoding = 4; lastKnownFileType = sourcecode.c.h; path = ImageDiscernment.h; sourceTree = "<group>"; };
		247F79BD1E24CEA80036E47C /* ImageDiscernment.m */ = {isa = PBXFileReference; fileEncoding = 4; lastKnownFileType = sourcecode.c.objc; path = ImageDiscernment.m; sourceTree = "<group>"; };
		247F79BF1E24D5610036E47C /* MainNotesCell.h */ = {isa = PBXFileReference; fileEncoding = 4; lastKnownFileType = sourcecode.c.h; path = MainNotesCell.h; sourceTree = "<group>"; };
		247F79C01E24D5610036E47C /* MainNotesCell.m */ = {isa = PBXFileReference; fileEncoding = 4; lastKnownFileType = sourcecode.c.objc; path = MainNotesCell.m; sourceTree = "<group>"; };
		247F79C11E24D5610036E47C /* MainNotesCell.xib */ = {isa = PBXFileReference; fileEncoding = 4; lastKnownFileType = file.xib; path = MainNotesCell.xib; sourceTree = "<group>"; };
		247F79C41E24DA760036E47C /* MainTableHeaderView.h */ = {isa = PBXFileReference; fileEncoding = 4; lastKnownFileType = sourcecode.c.h; path = MainTableHeaderView.h; sourceTree = "<group>"; };
		247F79C51E24DA760036E47C /* MainTableHeaderView.m */ = {isa = PBXFileReference; fileEncoding = 4; lastKnownFileType = sourcecode.c.objc; path = MainTableHeaderView.m; sourceTree = "<group>"; };
		2485706C1E20BED400189301 /* tessdata */ = {isa = PBXFileReference; lastKnownFileType = folder; path = tessdata; sourceTree = "<group>"; };
		2485706E1E20C9B300189301 /* MeViewController.h */ = {isa = PBXFileReference; fileEncoding = 4; lastKnownFileType = sourcecode.c.h; path = MeViewController.h; sourceTree = "<group>"; };
		2485706F1E20C9B300189301 /* MeViewController.m */ = {isa = PBXFileReference; fileEncoding = 4; lastKnownFileType = sourcecode.c.objc; path = MeViewController.m; sourceTree = "<group>"; };
		248570711E20CD7C00189301 /* BaseNavigationController.h */ = {isa = PBXFileReference; fileEncoding = 4; lastKnownFileType = sourcecode.c.h; path = BaseNavigationController.h; sourceTree = "<group>"; };
		248570721E20CD7C00189301 /* BaseNavigationController.m */ = {isa = PBXFileReference; fileEncoding = 4; lastKnownFileType = sourcecode.c.objc; path = BaseNavigationController.m; sourceTree = "<group>"; };
		248570771E20DA1300189301 /* FriendSQLiteManager.h */ = {isa = PBXFileReference; fileEncoding = 4; lastKnownFileType = sourcecode.c.h; path = FriendSQLiteManager.h; sourceTree = "<group>"; };
		248570781E20DA1300189301 /* FriendSQLiteManager.m */ = {isa = PBXFileReference; fileEncoding = 4; lastKnownFileType = sourcecode.c.objc; path = FriendSQLiteManager.m; sourceTree = "<group>"; };
		2485707A1E20DA4C00189301 /* SQLite.framework */ = {isa = PBXFileReference; lastKnownFileType = wrapper.framework; name = SQLite.framework; path = "../../Library/Developer/Xcode/DerivedData/Notes-ggqhbfrsqqnaksgjacwivgvioxwb/Build/Products/Debug-iphonesimulator/SQLite.swift/SQLite.framework"; sourceTree = "<group>"; };
		2485707D1E20E1FC00189301 /* FriendViewController.h */ = {isa = PBXFileReference; fileEncoding = 4; lastKnownFileType = sourcecode.c.h; path = FriendViewController.h; sourceTree = "<group>"; };
		2485707E1E20E1FC00189301 /* FriendViewController.m */ = {isa = PBXFileReference; fileEncoding = 4; lastKnownFileType = sourcecode.c.objc; path = FriendViewController.m; sourceTree = "<group>"; };
		248570821E20E21D00189301 /* FriendModel.h */ = {isa = PBXFileReference; fileEncoding = 4; lastKnownFileType = sourcecode.c.h; path = FriendModel.h; sourceTree = "<group>"; };
		248570831E20E21D00189301 /* FriendModel.m */ = {isa = PBXFileReference; fileEncoding = 4; lastKnownFileType = sourcecode.c.objc; path = FriendModel.m; sourceTree = "<group>"; };
		248570881E20E7C600189301 /* FriendTableViewCell.h */ = {isa = PBXFileReference; fileEncoding = 4; lastKnownFileType = sourcecode.c.h; path = FriendTableViewCell.h; sourceTree = "<group>"; };
		248570891E20E7C600189301 /* FriendTableViewCell.m */ = {isa = PBXFileReference; fileEncoding = 4; lastKnownFileType = sourcecode.c.objc; path = FriendTableViewCell.m; sourceTree = "<group>"; };
		2485708A1E20E7C600189301 /* FriendTableViewCell.xib */ = {isa = PBXFileReference; fileEncoding = 4; lastKnownFileType = file.xib; path = FriendTableViewCell.xib; sourceTree = "<group>"; };
		2485708D1E20F3CD00189301 /* Message.h */ = {isa = PBXFileReference; fileEncoding = 4; lastKnownFileType = sourcecode.c.h; path = Message.h; sourceTree = "<group>"; };
		2485708E1E20F3CD00189301 /* Message.m */ = {isa = PBXFileReference; fileEncoding = 4; lastKnownFileType = sourcecode.c.objc; path = Message.m; sourceTree = "<group>"; };
		2485708F1E20F3CD00189301 /* MessageCell.h */ = {isa = PBXFileReference; fileEncoding = 4; lastKnownFileType = sourcecode.c.h; path = MessageCell.h; sourceTree = "<group>"; };
		248570901E20F3CD00189301 /* MessageCell.m */ = {isa = PBXFileReference; fileEncoding = 4; lastKnownFileType = sourcecode.c.objc; path = MessageCell.m; sourceTree = "<group>"; };
		248570911E20F3CD00189301 /* UIImage+Resizingable.h */ = {isa = PBXFileReference; fileEncoding = 4; lastKnownFileType = sourcecode.c.h; path = "UIImage+Resizingable.h"; sourceTree = "<group>"; };
		248570921E20F3CD00189301 /* UIImage+Resizingable.m */ = {isa = PBXFileReference; fileEncoding = 4; lastKnownFileType = sourcecode.c.objc; path = "UIImage+Resizingable.m"; sourceTree = "<group>"; };
		248570961E20F41600189301 /* ChatViewController.h */ = {isa = PBXFileReference; fileEncoding = 4; lastKnownFileType = sourcecode.c.h; path = ChatViewController.h; sourceTree = "<group>"; };
		248570971E20F41600189301 /* ChatViewController.m */ = {isa = PBXFileReference; fileEncoding = 4; lastKnownFileType = sourcecode.c.objc; path = ChatViewController.m; sourceTree = "<group>"; };
		248570991E20F50300189301 /* messages.plist */ = {isa = PBXFileReference; fileEncoding = 4; lastKnownFileType = text.plist.xml; path = messages.plist; sourceTree = "<group>"; };
		2485709B1E20F63500189301 /* IracleConfig.h */ = {isa = PBXFileReference; fileEncoding = 4; lastKnownFileType = sourcecode.c.h; path = IracleConfig.h; sourceTree = "<group>"; };
		34D6E0CDD737930FE93EE37F /* Pods-Notes.debug.xcconfig */ = {isa = PBXFileReference; includeInIndex = 1; lastKnownFileType = text.xcconfig; name = "Pods-Notes.debug.xcconfig"; path = "Pods/Target Support Files/Pods-Notes/Pods-Notes.debug.xcconfig"; sourceTree = "<group>"; };
		3864BB8F91A79D5AA7F5CE32 /* libPods-Notes.a */ = {isa = PBXFileReference; explicitFileType = archive.ar; includeInIndex = 0; path = "libPods-Notes.a"; sourceTree = BUILT_PRODUCTS_DIR; };
		F33830EC1E234C14005A4A81 /* Transition.h */ = {isa = PBXFileReference; fileEncoding = 4; lastKnownFileType = sourcecode.c.h; path = Transition.h; sourceTree = "<group>"; };
		F33830ED1E234C14005A4A81 /* Transition.m */ = {isa = PBXFileReference; fileEncoding = 4; lastKnownFileType = sourcecode.c.objc; path = Transition.m; sourceTree = "<group>"; };
		F33830EE1E234C14005A4A81 /* WCButton.h */ = {isa = PBXFileReference; fileEncoding = 4; lastKnownFileType = sourcecode.c.h; path = WCButton.h; sourceTree = "<group>"; };
		F33830EF1E234C14005A4A81 /* WCButton.m */ = {isa = PBXFileReference; fileEncoding = 4; lastKnownFileType = sourcecode.c.objc; path = WCButton.m; sourceTree = "<group>"; };
		F33830F01E234C14005A4A81 /* WCTextField.h */ = {isa = PBXFileReference; fileEncoding = 4; lastKnownFileType = sourcecode.c.h; path = WCTextField.h; sourceTree = "<group>"; };
		F33830F11E234C14005A4A81 /* WCTextField.m */ = {isa = PBXFileReference; fileEncoding = 4; lastKnownFileType = sourcecode.c.objc; path = WCTextField.m; sourceTree = "<group>"; };
		F33830F51E234C1C005A4A81 /* LoginViewController.h */ = {isa = PBXFileReference; fileEncoding = 4; lastKnownFileType = sourcecode.c.h; path = LoginViewController.h; sourceTree = "<group>"; };
		F33830F61E234C1C005A4A81 /* LoginViewController.m */ = {isa = PBXFileReference; fileEncoding = 4; lastKnownFileType = sourcecode.c.objc; path = LoginViewController.m; sourceTree = "<group>"; };
		F33830F71E234C1C005A4A81 /* SMSViewController.h */ = {isa = PBXFileReference; fileEncoding = 4; lastKnownFileType = sourcecode.c.h; path = SMSViewController.h; sourceTree = "<group>"; };
		F33830F81E234C1C005A4A81 /* SMSViewController.m */ = {isa = PBXFileReference; fileEncoding = 4; lastKnownFileType = sourcecode.c.objc; path = SMSViewController.m; sourceTree = "<group>"; };
		F33830F91E234C1C005A4A81 /* WelcomeViewController.h */ = {isa = PBXFileReference; fileEncoding = 4; lastKnownFileType = sourcecode.c.h; path = WelcomeViewController.h; sourceTree = "<group>"; };
		F33830FA1E234C1C005A4A81 /* WelcomeViewController.m */ = {isa = PBXFileReference; fileEncoding = 4; lastKnownFileType = sourcecode.c.objc; path = WelcomeViewController.m; sourceTree = "<group>"; };
/* End PBXFileReference section */

/* Begin PBXFrameworksBuildPhase section */
		2455492C1E2095880072BE89 /* Frameworks */ = {
			isa = PBXFrameworksBuildPhase;
			buildActionMask = 2147483647;
			files = (
				DFCE12D199E61A5C6B3EFFFC /* libPods-Notes.a in Frameworks */,
			);
			runOnlyForDeploymentPostprocessing = 0;
		};
/* End PBXFrameworksBuildPhase section */

/* Begin PBXGroup section */
		245549261E2095880072BE89 = {
			isa = PBXGroup;
			children = (
				245549311E2095880072BE89 /* Notes */,
				245549301E2095880072BE89 /* Products */,
				FACDAF2CE2830645177C60BB /* Pods */,
				6BEDA7D00B45D9121F741E2A /* Frameworks */,
			);
			sourceTree = "<group>";
		};
		245549301E2095880072BE89 /* Products */ = {
			isa = PBXGroup;
			children = (
				2455492F1E2095880072BE89 /* Notes.app */,
			);
			name = Products;
			sourceTree = "<group>";
		};
		245549311E2095880072BE89 /* Notes */ = {
			isa = PBXGroup;
			children = (
				247F79711E248D920036E47C /* Notes.entitlements */,
				248570991E20F50300189301 /* messages.plist */,
				2485706C1E20BED400189301 /* tessdata */,
				F33830E91E234B82005A4A81 /* Login */,
				2455496B1E209BC00072BE89 /* Friend */,
				245549591E2098E00072BE89 /* Extenstion */,
				2455495B1E2098E00072BE89 /* Main */,
				2455495E1E2098E00072BE89 /* Me */,
				2455495F1E2098E00072BE89 /* Other */,
				245549641E2098E00072BE89 /* Record */,
				245549651E2098E00072BE89 /* Tool */,
				245549321E2095880072BE89 /* Supporting Files */,
			);
			path = Notes;
			sourceTree = "<group>";
		};
		245549321E2095880072BE89 /* Supporting Files */ = {
			isa = PBXGroup;
			children = (
			);
			name = "Supporting Files";
			sourceTree = "<group>";
		};
		245549591E2098E00072BE89 /* Extenstion */ = {
			isa = PBXGroup;
			children = (
				245549721E20A9080072BE89 /* NSString+Width.h */,
				245549731E20A9080072BE89 /* NSString+Width.m */,
				245549741E20A9080072BE89 /* UIColor+Hex.h */,
				245549751E20A9080072BE89 /* UIColor+Hex.m */,
			);
			path = Extenstion;
			sourceTree = "<group>";
		};
		2455495B1E2098E00072BE89 /* Main */ = {
			isa = PBXGroup;
			children = (
				2455495C1E2098E00072BE89 /* RootViewController.h */,
				2455495D1E2098E00072BE89 /* RootViewController.m */,
				248570711E20CD7C00189301 /* BaseNavigationController.h */,
				248570721E20CD7C00189301 /* BaseNavigationController.m */,
			);
			path = Main;
			sourceTree = "<group>";
		};
		2455495E1E2098E00072BE89 /* Me */ = {
			isa = PBXGroup;
			children = (
				2485706E1E20C9B300189301 /* MeViewController.h */,
				2485706F1E20C9B300189301 /* MeViewController.m */,
			);
			path = Me;
			sourceTree = "<group>";
		};
		2455495F1E2098E00072BE89 /* Other */ = {
			isa = PBXGroup;
			children = (
				245549601E2098E00072BE89 /* AppDelegate.h */,
				245549611E2098E00072BE89 /* AppDelegate.m */,
				2455496A1E209A8C0072BE89 /* PrefixHeader.pch */,
				245549621E2098E00072BE89 /* Info.plist */,
				245549631E2098E00072BE89 /* main.m */,
				2455493B1E2095890072BE89 /* Main.storyboard */,
				2455493E1E2095890072BE89 /* Assets.xcassets */,
				245549401E2095890072BE89 /* LaunchScreen.storyboard */,
			);
			path = Other;
			sourceTree = "<group>";
		};
		245549641E2098E00072BE89 /* Record */ = {
			isa = PBXGroup;
			children = (
				247F79B51E24CE440036E47C /* Controller */,
				247F79B81E24CE440036E47C /* Model */,
				247F79B91E24CE440036E47C /* View */,
			);
			path = Record;
			sourceTree = "<group>";
		};
		245549651E2098E00072BE89 /* Tool */ = {
			isa = PBXGroup;
			children = (
				247F79BB1E24CE960036E47C /* Discernment */,
				2485709B1E20F63500189301 /* IracleConfig.h */,
				248570761E20D9EF00189301 /* DataTool */,
			);
			path = Tool;
			sourceTree = "<group>";
		};
		2455496B1E209BC00072BE89 /* Friend */ = {
			isa = PBXGroup;
			children = (
				2485707C1E20E1FC00189301 /* Controller */,
				2485707F1E20E1FC00189301 /* Model */,
				248570801E20E1FC00189301 /* View */,
			);
			path = Friend;
			sourceTree = "<group>";
		};
		247F79B51E24CE440036E47C /* Controller */ = {
			isa = PBXGroup;
			children = (
				247F79B61E24CE440036E47C /* RecordViewController.h */,
				247F79B71E24CE440036E47C /* RecordViewController.m */,
			);
			path = Controller;
			sourceTree = "<group>";
		};
		247F79B81E24CE440036E47C /* Model */ = {
			isa = PBXGroup;
			children = (
			);
			path = Model;
			sourceTree = "<group>";
		};
		247F79B91E24CE440036E47C /* View */ = {
			isa = PBXGroup;
			children = (
				247F79BF1E24D5610036E47C /* MainNotesCell.h */,
				247F79C01E24D5610036E47C /* MainNotesCell.m */,
				247F79C11E24D5610036E47C /* MainNotesCell.xib */,
				247F79C41E24DA760036E47C /* MainTableHeaderView.h */,
				247F79C51E24DA760036E47C /* MainTableHeaderView.m */,
			);
			path = View;
			sourceTree = "<group>";
		};
		247F79BB1E24CE960036E47C /* Discernment */ = {
			isa = PBXGroup;
			children = (
				247F79BC1E24CEA80036E47C /* ImageDiscernment.h */,
				247F79BD1E24CEA80036E47C /* ImageDiscernment.m */,
			);
			path = Discernment;
			sourceTree = "<group>";
		};
		248570761E20D9EF00189301 /* DataTool */ = {
			isa = PBXGroup;
			children = (
				248570771E20DA1300189301 /* FriendSQLiteManager.h */,
				248570781E20DA1300189301 /* FriendSQLiteManager.m */,
				244C84D01E23AAC000A04F0E /* MessageSQLiteManager.h */,
				244C84D11E23AAC000A04F0E /* MessageSQLiteManager.m */,
				244C84D31E23B16F00A04F0E /* ConversationSQLiteManager.h */,
				244C84D41E23B16F00A04F0E /* ConversationSQLiteManager.m */,
			);
			path = DataTool;
			sourceTree = "<group>";
		};
		2485707C1E20E1FC00189301 /* Controller */ = {
			isa = PBXGroup;
			children = (
				2485707D1E20E1FC00189301 /* FriendViewController.h */,
				2485707E1E20E1FC00189301 /* FriendViewController.m */,
				248570961E20F41600189301 /* ChatViewController.h */,
				248570971E20F41600189301 /* ChatViewController.m */,
				244C84971E2366C800A04F0E /* GetUserFriend.h */,
				244C84981E2366C800A04F0E /* GetUserFriend.m */,
			);
			path = Controller;
			sourceTree = "<group>";
		};
		2485707F1E20E1FC00189301 /* Model */ = {
			isa = PBXGroup;
			children = (
				248570821E20E21D00189301 /* FriendModel.h */,
				248570831E20E21D00189301 /* FriendModel.m */,
				244C84D61E23B28100A04F0E /* ConversationModel.h */,
				244C84D71E23B28100A04F0E /* ConversationModel.m */,
			);
			path = Model;
			sourceTree = "<group>";
		};
		248570801E20E1FC00189301 /* View */ = {
			isa = PBXGroup;
			children = (
				2485708D1E20F3CD00189301 /* Message.h */,
				2485708E1E20F3CD00189301 /* Message.m */,
				2485708F1E20F3CD00189301 /* MessageCell.h */,
				248570901E20F3CD00189301 /* MessageCell.m */,
				248570911E20F3CD00189301 /* UIImage+Resizingable.h */,
				248570921E20F3CD00189301 /* UIImage+Resizingable.m */,
				248570881E20E7C600189301 /* FriendTableViewCell.h */,
				248570891E20E7C600189301 /* FriendTableViewCell.m */,
				2485708A1E20E7C600189301 /* FriendTableViewCell.xib */,
			);
			path = View;
			sourceTree = "<group>";
		};
		6BEDA7D00B45D9121F741E2A /* Frameworks */ = {
			isa = PBXGroup;
			children = (
				2485707A1E20DA4C00189301 /* SQLite.framework */,
				3864BB8F91A79D5AA7F5CE32 /* libPods-Notes.a */,
			);
			name = Frameworks;
			sourceTree = "<group>";
		};
		F33830E91E234B82005A4A81 /* Login */ = {
			isa = PBXGroup;
			children = (
				F33830EA1E234BB2005A4A81 /* Controller */,
				F33830EB1E234BB2005A4A81 /* View */,
			);
			path = Login;
			sourceTree = "<group>";
		};
		F33830EA1E234BB2005A4A81 /* Controller */ = {
			isa = PBXGroup;
			children = (
				F33830F51E234C1C005A4A81 /* LoginViewController.h */,
				F33830F61E234C1C005A4A81 /* LoginViewController.m */,
				F33830F71E234C1C005A4A81 /* SMSViewController.h */,
				F33830F81E234C1C005A4A81 /* SMSViewController.m */,
				F33830F91E234C1C005A4A81 /* WelcomeViewController.h */,
				F33830FA1E234C1C005A4A81 /* WelcomeViewController.m */,
			);
			path = Controller;
			sourceTree = "<group>";
		};
		F33830EB1E234BB2005A4A81 /* View */ = {
			isa = PBXGroup;
			children = (
				F33830EC1E234C14005A4A81 /* Transition.h */,
				F33830ED1E234C14005A4A81 /* Transition.m */,
				F33830EE1E234C14005A4A81 /* WCButton.h */,
				F33830EF1E234C14005A4A81 /* WCButton.m */,
				F33830F01E234C14005A4A81 /* WCTextField.h */,
				F33830F11E234C14005A4A81 /* WCTextField.m */,
			);
			path = View;
			sourceTree = "<group>";
		};
		FACDAF2CE2830645177C60BB /* Pods */ = {
			isa = PBXGroup;
			children = (
				34D6E0CDD737930FE93EE37F /* Pods-Notes.debug.xcconfig */,
				01CD076B913870E11BA83DE9 /* Pods-Notes.release.xcconfig */,
			);
			name = Pods;
			sourceTree = "<group>";
		};
/* End PBXGroup section */

/* Begin PBXNativeTarget section */
		2455492E1E2095880072BE89 /* Notes */ = {
			isa = PBXNativeTarget;
			buildConfigurationList = 245549461E2095890072BE89 /* Build configuration list for PBXNativeTarget "Notes" */;
			buildPhases = (
				E3578447F24943AD4F088EE4 /* [CP] Check Pods Manifest.lock */,
				2455492B1E2095880072BE89 /* Sources */,
				2455492C1E2095880072BE89 /* Frameworks */,
				2455492D1E2095880072BE89 /* Resources */,
				5A0F8C86C1DAFCFB66628BB5 /* [CP] Embed Pods Frameworks */,
				445F6D63193CFF09E562B79B /* [CP] Copy Pods Resources */,
			);
			buildRules = (
			);
			dependencies = (
			);
			name = Notes;
			productName = Notes;
			productReference = 2455492F1E2095880072BE89 /* Notes.app */;
			productType = "com.apple.product-type.application";
		};
/* End PBXNativeTarget section */

/* Begin PBXProject section */
		245549271E2095880072BE89 /* Project object */ = {
			isa = PBXProject;
			attributes = {
				LastUpgradeCheck = 0810;
				ORGANIZATIONNAME = "iOS-ZX";
				TargetAttributes = {
					2455492E1E2095880072BE89 = {
						CreatedOnToolsVersion = 8.1;
						DevelopmentTeam = CU4JMP378W;
						ProvisioningStyle = Automatic;
						SystemCapabilities = {
							com.apple.Push = {
								enabled = 1;
							};
						};
					};
				};
			};
			buildConfigurationList = 2455492A1E2095880072BE89 /* Build configuration list for PBXProject "Notes" */;
			compatibilityVersion = "Xcode 3.2";
			developmentRegion = English;
			hasScannedForEncodings = 0;
			knownRegions = (
				en,
				Base,
			);
			mainGroup = 245549261E2095880072BE89;
			productRefGroup = 245549301E2095880072BE89 /* Products */;
			projectDirPath = "";
			projectRoot = "";
			targets = (
				2455492E1E2095880072BE89 /* Notes */,
			);
		};
/* End PBXProject section */

/* Begin PBXResourcesBuildPhase section */
		2455492D1E2095880072BE89 /* Resources */ = {
			isa = PBXResourcesBuildPhase;
			buildActionMask = 2147483647;
			files = (
				2485708C1E20E7C600189301 /* FriendTableViewCell.xib in Resources */,
				245549421E2095890072BE89 /* LaunchScreen.storyboard in Resources */,
				247F79C31E24D5610036E47C /* MainNotesCell.xib in Resources */,
				2485709A1E20F50300189301 /* messages.plist in Resources */,
				2485706D1E20BED400189301 /* tessdata in Resources */,
				2455493F1E2095890072BE89 /* Assets.xcassets in Resources */,
				2455493D1E2095890072BE89 /* Main.storyboard in Resources */,
			);
			runOnlyForDeploymentPostprocessing = 0;
		};
/* End PBXResourcesBuildPhase section */

/* Begin PBXShellScriptBuildPhase section */
		445F6D63193CFF09E562B79B /* [CP] Copy Pods Resources */ = {
			isa = PBXShellScriptBuildPhase;
			buildActionMask = 2147483647;
			files = (
			);
			inputPaths = (
			);
			name = "[CP] Copy Pods Resources";
			outputPaths = (
			);
			runOnlyForDeploymentPostprocessing = 0;
			shellPath = /bin/sh;
			shellScript = "\"${SRCROOT}/Pods/Target Support Files/Pods-Notes/Pods-Notes-resources.sh\"\n";
			showEnvVarsInLog = 0;
		};
		5A0F8C86C1DAFCFB66628BB5 /* [CP] Embed Pods Frameworks */ = {
			isa = PBXShellScriptBuildPhase;
			buildActionMask = 2147483647;
			files = (
			);
			inputPaths = (
			);
			name = "[CP] Embed Pods Frameworks";
			outputPaths = (
			);
			runOnlyForDeploymentPostprocessing = 0;
			shellPath = /bin/sh;
			shellScript = "\"${SRCROOT}/Pods/Target Support Files/Pods-Notes/Pods-Notes-frameworks.sh\"\n";
			showEnvVarsInLog = 0;
		};
		E3578447F24943AD4F088EE4 /* [CP] Check Pods Manifest.lock */ = {
			isa = PBXShellScriptBuildPhase;
			buildActionMask = 2147483647;
			files = (
			);
			inputPaths = (
			);
			name = "[CP] Check Pods Manifest.lock";
			outputPaths = (
			);
			runOnlyForDeploymentPostprocessing = 0;
			shellPath = /bin/sh;
			shellScript = "diff \"${PODS_ROOT}/../Podfile.lock\" \"${PODS_ROOT}/Manifest.lock\" > /dev/null\nif [ $? != 0 ] ; then\n    # print error to STDERR\n    echo \"error: The sandbox is not in sync with the Podfile.lock. Run 'pod install' or update your CocoaPods installation.\" >&2\n    exit 1\nfi\n";
			showEnvVarsInLog = 0;
		};
/* End PBXShellScriptBuildPhase section */

/* Begin PBXSourcesBuildPhase section */
		2455492B1E2095880072BE89 /* Sources */ = {
			isa = PBXSourcesBuildPhase;
			buildActionMask = 2147483647;
			files = (
				245549661E2098E00072BE89 /* RootViewController.m in Sources */,
				244C84D51E23B16F00A04F0E /* ConversationSQLiteManager.m in Sources */,
				245549691E2098E00072BE89 /* main.m in Sources */,
				245549761E20A9080072BE89 /* NSString+Width.m in Sources */,
				244C84D21E23AAC000A04F0E /* MessageSQLiteManager.m in Sources */,
				F33830F21E234C14005A4A81 /* Transition.m in Sources */,
				F33830FB1E234C1C005A4A81 /* LoginViewController.m in Sources */,
				244C84991E2366C800A04F0E /* GetUserFriend.m in Sources */,
				247F79C21E24D5610036E47C /* MainNotesCell.m in Sources */,
				245549671E2098E00072BE89 /* AppDelegate.m in Sources */,
				245549771E20A9080072BE89 /* UIColor+Hex.m in Sources */,
				248570941E20F3CD00189301 /* MessageCell.m in Sources */,
				248570791E20DA1300189301 /* FriendSQLiteManager.m in Sources */,
				F33830F41E234C14005A4A81 /* WCTextField.m in Sources */,
				248570731E20CD7C00189301 /* BaseNavigationController.m in Sources */,
				2485708B1E20E7C600189301 /* FriendTableViewCell.m in Sources */,
				248570701E20C9B300189301 /* MeViewController.m in Sources */,
				244C84D81E23B28100A04F0E /* ConversationModel.m in Sources */,
				247F79C61E24DA760036E47C /* MainTableHeaderView.m in Sources */,
				247F79BA1E24CE440036E47C /* RecordViewController.m in Sources */,
				248570811E20E1FC00189301 /* FriendViewController.m in Sources */,
				248570951E20F3CD00189301 /* UIImage+Resizingable.m in Sources */,
				248570931E20F3CD00189301 /* Message.m in Sources */,
				F33830FD1E234C1C005A4A81 /* WelcomeViewController.m in Sources */,
				247F79BE1E24CEA80036E47C /* ImageDiscernment.m in Sources */,
				F33830FC1E234C1C005A4A81 /* SMSViewController.m in Sources */,
				F33830F31E234C14005A4A81 /* WCButton.m in Sources */,
				248570981E20F41600189301 /* ChatViewController.m in Sources */,
				248570841E20E21D00189301 /* FriendModel.m in Sources */,
			);
			runOnlyForDeploymentPostprocessing = 0;
		};
/* End PBXSourcesBuildPhase section */

/* Begin PBXVariantGroup section */
		2455493B1E2095890072BE89 /* Main.storyboard */ = {
			isa = PBXVariantGroup;
			children = (
				2455493C1E2095890072BE89 /* Base */,
			);
			name = Main.storyboard;
			path = ..;
			sourceTree = "<group>";
		};
		245549401E2095890072BE89 /* LaunchScreen.storyboard */ = {
			isa = PBXVariantGroup;
			children = (
				245549411E2095890072BE89 /* Base */,
			);
			name = LaunchScreen.storyboard;
			path = ..;
			sourceTree = "<group>";
		};
/* End PBXVariantGroup section */

/* Begin XCBuildConfiguration section */
		245549441E2095890072BE89 /* Debug */ = {
			isa = XCBuildConfiguration;
			buildSettings = {
				ALWAYS_SEARCH_USER_PATHS = NO;
				CLANG_ANALYZER_NONNULL = YES;
				CLANG_CXX_LANGUAGE_STANDARD = "gnu++0x";
				CLANG_CXX_LIBRARY = "libc++";
				CLANG_ENABLE_MODULES = YES;
				CLANG_ENABLE_OBJC_ARC = YES;
				CLANG_WARN_BOOL_CONVERSION = YES;
				CLANG_WARN_CONSTANT_CONVERSION = YES;
				CLANG_WARN_DIRECT_OBJC_ISA_USAGE = YES_ERROR;
				CLANG_WARN_DOCUMENTATION_COMMENTS = YES;
				CLANG_WARN_EMPTY_BODY = YES;
				CLANG_WARN_ENUM_CONVERSION = YES;
				CLANG_WARN_INFINITE_RECURSION = YES;
				CLANG_WARN_INT_CONVERSION = YES;
				CLANG_WARN_OBJC_ROOT_CLASS = YES_ERROR;
				CLANG_WARN_SUSPICIOUS_MOVE = YES;
				CLANG_WARN_SUSPICIOUS_MOVES = YES;
				CLANG_WARN_UNREACHABLE_CODE = YES;
				CLANG_WARN__DUPLICATE_METHOD_MATCH = YES;
				"CODE_SIGN_IDENTITY[sdk=iphoneos*]" = "iPhone Developer";
				COPY_PHASE_STRIP = NO;
				DEBUG_INFORMATION_FORMAT = dwarf;
				ENABLE_STRICT_OBJC_MSGSEND = YES;
				ENABLE_TESTABILITY = YES;
				GCC_C_LANGUAGE_STANDARD = gnu99;
				GCC_DYNAMIC_NO_PIC = NO;
				GCC_NO_COMMON_BLOCKS = YES;
				GCC_OPTIMIZATION_LEVEL = 0;
				GCC_PREPROCESSOR_DEFINITIONS = (
					"DEBUG=1",
					"$(inherited)",
				);
				GCC_WARN_64_TO_32_BIT_CONVERSION = YES;
				GCC_WARN_ABOUT_RETURN_TYPE = YES_ERROR;
				GCC_WARN_UNDECLARED_SELECTOR = YES;
				GCC_WARN_UNINITIALIZED_AUTOS = YES_AGGRESSIVE;
				GCC_WARN_UNUSED_FUNCTION = YES;
				GCC_WARN_UNUSED_VARIABLE = YES;
				IPHONEOS_DEPLOYMENT_TARGET = 8.0;
				MTL_ENABLE_DEBUG_INFO = YES;
				ONLY_ACTIVE_ARCH = YES;
				SDKROOT = iphoneos;
			};
			name = Debug;
		};
		245549451E2095890072BE89 /* Release */ = {
			isa = XCBuildConfiguration;
			buildSettings = {
				ALWAYS_SEARCH_USER_PATHS = NO;
				CLANG_ANALYZER_NONNULL = YES;
				CLANG_CXX_LANGUAGE_STANDARD = "gnu++0x";
				CLANG_CXX_LIBRARY = "libc++";
				CLANG_ENABLE_MODULES = YES;
				CLANG_ENABLE_OBJC_ARC = YES;
				CLANG_WARN_BOOL_CONVERSION = YES;
				CLANG_WARN_CONSTANT_CONVERSION = YES;
				CLANG_WARN_DIRECT_OBJC_ISA_USAGE = YES_ERROR;
				CLANG_WARN_DOCUMENTATION_COMMENTS = YES;
				CLANG_WARN_EMPTY_BODY = YES;
				CLANG_WARN_ENUM_CONVERSION = YES;
				CLANG_WARN_INFINITE_RECURSION = YES;
				CLANG_WARN_INT_CONVERSION = YES;
				CLANG_WARN_OBJC_ROOT_CLASS = YES_ERROR;
				CLANG_WARN_SUSPICIOUS_MOVE = YES;
				CLANG_WARN_SUSPICIOUS_MOVES = YES;
				CLANG_WARN_UNREACHABLE_CODE = YES;
				CLANG_WARN__DUPLICATE_METHOD_MATCH = YES;
				"CODE_SIGN_IDENTITY[sdk=iphoneos*]" = "iPhone Developer";
				COPY_PHASE_STRIP = NO;
				DEBUG_INFORMATION_FORMAT = "dwarf-with-dsym";
				ENABLE_NS_ASSERTIONS = NO;
				ENABLE_STRICT_OBJC_MSGSEND = YES;
				GCC_C_LANGUAGE_STANDARD = gnu99;
				GCC_NO_COMMON_BLOCKS = YES;
				GCC_WARN_64_TO_32_BIT_CONVERSION = YES;
				GCC_WARN_ABOUT_RETURN_TYPE = YES_ERROR;
				GCC_WARN_UNDECLARED_SELECTOR = YES;
				GCC_WARN_UNINITIALIZED_AUTOS = YES_AGGRESSIVE;
				GCC_WARN_UNUSED_FUNCTION = YES;
				GCC_WARN_UNUSED_VARIABLE = YES;
				IPHONEOS_DEPLOYMENT_TARGET = 8.0;
				MTL_ENABLE_DEBUG_INFO = NO;
				SDKROOT = iphoneos;
				VALIDATE_PRODUCT = YES;
			};
			name = Release;
		};
		245549471E2095890072BE89 /* Debug */ = {
			isa = XCBuildConfiguration;
			baseConfigurationReference = 34D6E0CDD737930FE93EE37F /* Pods-Notes.debug.xcconfig */;
			buildSettings = {
				ASSETCATALOG_COMPILER_APPICON_NAME = AppIcon;
				CODE_SIGN_ENTITLEMENTS = Notes/Notes.entitlements;
				DEVELOPMENT_TEAM = CU4JMP378W;
				GCC_PRECOMPILE_PREFIX_HEADER = YES;
				GCC_PREFIX_HEADER = "$(SRCROOT)/Notes/Other/PrefixHeader.pch";
				INFOPLIST_FILE = Notes/Other/Info.plist;
				IPHONEOS_DEPLOYMENT_TARGET = 8.0;
				LD_RUNPATH_SEARCH_PATHS = "$(inherited) @executable_path/Frameworks";
				PRODUCT_BUNDLE_IDENTIFIER = com.CLW.Notes;
				PRODUCT_NAME = "$(TARGET_NAME)";
			};
			name = Debug;
		};
		245549481E2095890072BE89 /* Release */ = {
			isa = XCBuildConfiguration;
			baseConfigurationReference = 01CD076B913870E11BA83DE9 /* Pods-Notes.release.xcconfig */;
			buildSettings = {
				ASSETCATALOG_COMPILER_APPICON_NAME = AppIcon;
				CODE_SIGN_ENTITLEMENTS = Notes/Notes.entitlements;
				DEVELOPMENT_TEAM = CU4JMP378W;
				GCC_PRECOMPILE_PREFIX_HEADER = YES;
				GCC_PREFIX_HEADER = "$(SRCROOT)/Notes/Other/PrefixHeader.pch";
				INFOPLIST_FILE = Notes/Other/Info.plist;
				IPHONEOS_DEPLOYMENT_TARGET = 8.0;
				LD_RUNPATH_SEARCH_PATHS = "$(inherited) @executable_path/Frameworks";
				PRODUCT_BUNDLE_IDENTIFIER = com.CLW.Notes;
				PRODUCT_NAME = "$(TARGET_NAME)";
			};
			name = Release;
		};
/* End XCBuildConfiguration section */

/* Begin XCConfigurationList section */
		2455492A1E2095880072BE89 /* Build configuration list for PBXProject "Notes" */ = {
			isa = XCConfigurationList;
			buildConfigurations = (
				245549441E2095890072BE89 /* Debug */,
				245549451E2095890072BE89 /* Release */,
			);
			defaultConfigurationIsVisible = 0;
			defaultConfigurationName = Release;
		};
		245549461E2095890072BE89 /* Build configuration list for PBXNativeTarget "Notes" */ = {
			isa = XCConfigurationList;
			buildConfigurations = (
				245549471E2095890072BE89 /* Debug */,
				245549481E2095890072BE89 /* Release */,
			);
			defaultConfigurationIsVisible = 0;
			defaultConfigurationName = Release;
		};
/* End XCConfigurationList section */
	};
	rootObject = 245549271E2095880072BE89 /* Project object */;
}
